
Microsoft Visual Studio Solution File, Format Version 12.00
# Visual Studio Version 16
VisualStudioVersion = 16.0.30223.230
MinimumVisualStudioVersion = 10.0.40219.1
Project("{9A19103F-16F7-4668-BE54-9A1E7A4F7556}") = "Net50.Preview6.FixMissingIsExternalInit", "Net50.Preview6.FixMissingIsExternalInit.csproj", "{A947DE2D-5F47-4753-BCF2-00892FA3C026}"
EndProject
Global
	GlobalSection(SolutionConfigurationPlatforms) = preSolution
		Debug|Any CPU = Debug|Any CPU
		Release|Any CPU = Release|Any CPU
	EndGlobalSection
	GlobalSection(ProjectConfigurationPlatforms) = postSolution
		{A947DE2D-5F47-4753-BCF2-00892FA3C026}.Debug|Any CPU.ActiveCfg = Debug|Any CPU
		{A947DE2D-5F47-4753-BCF2-00892FA3C026}.Debug|Any CPU.Build.0 = Debug|Any CPU
		{A947DE2D-5F47-4753-BCF2-00892FA3C026}.Release|Any CPU.ActiveCfg = Release|Any CPU
		{A947DE2D-5F47-4753-BCF2-00892FA3C026}.Release|Any CPU.Build.0 = Release|Any CPU
	EndGlobalSection
	GlobalSection(SolutionProperties) = preSolution
		HideSolutionNode = FALSE
	EndGlobalSection
	GlobalSection(ExtensibilityGlobals) = postSolution
		SolutionGuid = {86E0FF9B-81FB-4BA0-9927-9EF2DB1DAC3E}
	EndGlobalSection
EndGlobal
